
Microsoft Visual Studio Solution File, Format Version 12.00
# Visual Studio 2012
Project("{2857B73E-F847-4B02-9238-064979017E93}") = "TestSBB", "TestSBB\TestSBB.cproj", "{DECA1816-338E-4A67-9FA2-63319F72B218}"
EndProject
Project("{2857B73E-F847-4B02-9238-064979017E93}") = "SBB", "SBB\SBB.cproj", "{04858D52-C549-40DA-A236-4ECA9009885D}"
EndProject
Global
	GlobalSection(SolutionConfigurationPlatforms) = preSolution
		Debug|Any CPU = Debug|Any CPU
		Release|Any CPU = Release|Any CPU
	EndGlobalSection
	GlobalSection(ProjectConfigurationPlatforms) = postSolution
		{04858D52-C549-40DA-A236-4ECA9009885D}.Debug|Any CPU.ActiveCfg = Debug|Any CPU
		{04858D52-C549-40DA-A236-4ECA9009885D}.Debug|Any CPU.Build.0 = Debug|Any CPU
		{04858D52-C549-40DA-A236-4ECA9009885D}.Release|Any CPU.ActiveCfg = Release|Any CPU
		{04858D52-C549-40DA-A236-4ECA9009885D}.Release|Any CPU.Build.0 = Release|Any CPU
		{DECA1816-338E-4A67-9FA2-63319F72B218}.Debug|Any CPU.ActiveCfg = Debug|Any CPU
		{DECA1816-338E-4A67-9FA2-63319F72B218}.Debug|Any CPU.Build.0 = Debug|Any CPU
		{DECA1816-338E-4A67-9FA2-63319F72B218}.Release|Any CPU.ActiveCfg = Release|Any CPU
		{DECA1816-338E-4A67-9FA2-63319F72B218}.Release|Any CPU.Build.0 = Release|Any CPU
	EndGlobalSection
	GlobalSection(MonoDevelopProperties) = preSolution
		StartupItem = TestSBB\TestSBB.cproj
	EndGlobalSection
EndGlobal
