<?xml version="1.0" encoding="UTF-8" standalone="yes" ?>
<CodeBlocks_project_file>
	<FileVersion major="1" minor="6" />
	<Project>
		<Option title="TestSecureBlackbox" />
		<Option pch_mode="2" />
		<Option compiler="gcc" />
		<Build>
			<Target title="Debug">
				<Option output="bin/Debug/TestSecureBlackbox" prefix_auto="1" extension_auto="1" />
				<Option object_output="obj/Debug/" />
				<Option type="1" />
				<Option compiler="gcc" />
				<Compiler>
					<Add option="-std=c++11" />
					<Add option="-g" />
					<Add option="-Iinclude" />
				</Compiler>
				<Linker>
					<Add library="libsbbex.a" />
					<Add directory="/home/leovan/DO-home/git/code_samples/C++/TestSecureBlackbox/" />
				</Linker>
			</Target>
			<Target title="Release">
				<Option output="bin/Release/TestSecureBlackbox" prefix_auto="1" extension_auto="1" />
				<Option object_output="obj/Release/" />
				<Option type="1" />
				<Option compiler="gcc" />
				<Compiler>
					<Add option="-O2" />
				</Compiler>
				<Linker>
					<Add option="-s" />
					<Add library="libsbbex.a" />
				</Linker>
			</Target>
		</Build>
		<Compiler>
			<Add option="-Wall" />
			<Add option="-fexceptions" />
		</Compiler>
		<Linker>
			<Add library="libsbbex.a" />
		</Linker>
		<Unit filename="include/csarmscii_8.h" />
		<Unit filename="include/csatarist.h" />
		<Unit filename="include/csbigfive.h" />
		<Unit filename="include/cscns_11643_1.h" />
		<Unit filename="include/cscns_11643_2.h" />
		<Unit filename="include/cscns_11643_3.h" />
		<Unit filename="include/cscns_11643_4.h" />
		<Unit filename="include/cscns_11643_5.h" />
		<Unit filename="include/cscns_11643_6.h" />
		<Unit filename="include/cscns_11643_7.h" />
		<Unit filename="include/cscns_11643_f.h" />
		<Unit filename="include/cscp037.h" />
		<Unit filename="include/cscp1006.h" />
		<Unit filename="include/cscp1131.h" />
		<Unit filename="include/cscp1133.h" />
		<Unit filename="include/cscp1250.h" />
		<Unit filename="include/cscp1251.h" />
		<Unit filename="include/cscp1252.h" />
		<Unit filename="include/cscp1253.h" />
		<Unit filename="include/cscp1254.h" />
		<Unit filename="include/cscp1255.h" />
		<Unit filename="include/cscp1256.h" />
		<Unit filename="include/cscp1257.h" />
		<Unit filename="include/cscp1258.h" />
		<Unit filename="include/cscp424.h" />
		<Unit filename="include/cscp437.h" />
		<Unit filename="include/cscp500.h" />
		<Unit filename="include/cscp737.h" />
		<Unit filename="include/cscp775.h" />
		<Unit filename="include/cscp850.h" />
		<Unit filename="include/cscp852.h" />
		<Unit filename="include/cscp853.h" />
		<Unit filename="include/cscp855.h" />
		<Unit filename="include/cscp856.h" />
		<Unit filename="include/cscp857.h" />
		<Unit filename="include/cscp860.h" />
		<Unit filename="include/cscp861.h" />
		<Unit filename="include/cscp862.h" />
		<Unit filename="include/cscp863.h" />
		<Unit filename="include/cscp864.h" />
		<Unit filename="include/cscp865.h" />
		<Unit filename="include/cscp866.h" />
		<Unit filename="include/cscp869.h" />
		<Unit filename="include/cscp874.h" />
		<Unit filename="include/cscp875.h" />
		<Unit filename="include/cscp950data.h" />
		<Unit filename="include/csgb_18030.h" />
		<Unit filename="include/csgb_2312.h" />
		<Unit filename="include/csgbk.h" />
		<Unit filename="include/csgeorgianacademy.h" />
		<Unit filename="include/csgeorgianps.h" />
		<Unit filename="include/csgeostd8.h" />
		<Unit filename="include/cshkscs.h" />
		<Unit filename="include/cshproman8.h" />
		<Unit filename="include/csiso_8859_10.h" />
		<Unit filename="include/csiso_8859_11.h" />
		<Unit filename="include/csiso_8859_13.h" />
		<Unit filename="include/csiso_8859_14.h" />
		<Unit filename="include/csiso_8859_15.h" />
		<Unit filename="include/csiso_8859_16.h" />
		<Unit filename="include/csiso_8859_2.h" />
		<Unit filename="include/csiso_8859_3.h" />
		<Unit filename="include/csiso_8859_4.h" />
		<Unit filename="include/csiso_8859_5.h" />
		<Unit filename="include/csiso_8859_6.h" />
		<Unit filename="include/csiso_8859_7.h" />
		<Unit filename="include/csiso_8859_8.h" />
		<Unit filename="include/csiso_8859_8i.h" />
		<Unit filename="include/csiso_8859_9.h" />
		<Unit filename="include/csiso_ir_165.h" />
		<Unit filename="include/csjis_0201.h" />
		<Unit filename="include/csjis_0208.h" />
		<Unit filename="include/csjis_0212.h" />
		<Unit filename="include/cskoi8r.h" />
		<Unit filename="include/cskoi8ru.h" />
		<Unit filename="include/cskoi8t.h" />
		<Unit filename="include/cskoi8u.h" />
		<Unit filename="include/csks_x_1001.h" />
		<Unit filename="include/csmacceltic.h" />
		<Unit filename="include/csmaccentraleuropean.h" />
		<Unit filename="include/csmaccroatian.h" />
		<Unit filename="include/csmaccyrillic.h" />
		<Unit filename="include/csmacgaelic.h" />
		<Unit filename="include/csmacgreek.h" />
		<Unit filename="include/csmachebrew.h" />
		<Unit filename="include/csmacicelandic.h" />
		<Unit filename="include/csmacroman.h" />
		<Unit filename="include/csmacromanian.h" />
		<Unit filename="include/csmacthai.h" />
		<Unit filename="include/csmacturkish.h" />
		<Unit filename="include/csnextstep.h" />
		<Unit filename="include/csshiftjis.h" />
		<Unit filename="include/csuhc.h" />
		<Unit filename="include/csviscii.h" />
		<Unit filename="include/sbaes.h" />
		<Unit filename="include/sbalgorithmidentifier.h" />
		<Unit filename="include/sball.h" />
		<Unit filename="include/sbapplecertstorage.h" />
		<Unit filename="include/sbapplecommon.h" />
		<Unit filename="include/sbarcbase.h" />
		<Unit filename="include/sbarcbzip2.h" />
		<Unit filename="include/sbarcgzip.h" />
		<Unit filename="include/sbarctar.h" />
		<Unit filename="include/sbarczip.h" />
		<Unit filename="include/sbas2.h" />
		<Unit filename="include/sbas3.h" />
		<Unit filename="include/sbascommon.h" />
		<Unit filename="include/sbasconstants.h" />
		<Unit filename="include/sbasn1.h" />
		<Unit filename="include/sbasn1tree.h" />
		<Unit filename="include/sbasresources.h" />
		<Unit filename="include/sbasutils.h" />
		<Unit filename="include/sbauthdatastream.h" />
		<Unit filename="include/sbauthenticode.h" />
		<Unit filename="include/sbawsdatastorage.h" />
		<Unit filename="include/sbbcrypt.h" />
		<Unit filename="include/sbblowfish.h" />
		<Unit filename="include/sbboxdatastorage.h" />
		<Unit filename="include/sbbzip2.h" />
		<Unit filename="include/sbbzip2basetypes.h" />
		<Unit filename="include/sbbzip2common.h" />
		<Unit filename="include/sbbzip2types.h" />
		<Unit filename="include/sbbzip2utils.h" />
		<Unit filename="include/sbbzlib.h" />
		<Unit filename="include/sbcades.h" />
		<Unit filename="include/sbcamellia.h" />
		<Unit filename="include/sbcast128.h" />
		<Unit filename="include/sbcertretriever.h" />
		<Unit filename="include/sbcertvalidator.h" />
		<Unit filename="include/sbchacha20.h" />
		<Unit filename="include/sbchscjk.h" />
		<Unit filename="include/sbchscjkconsts.h" />
		<Unit filename="include/sbchsconv.h" />
		<Unit filename="include/sbchsconvbase.h" />
		<Unit filename="include/sbchsconvcharsets.h" />
		<Unit filename="include/sbchsconvconsts.h" />
		<Unit filename="include/sbchsunicode.h" />
		<Unit filename="include/sbcmc.h" />
		<Unit filename="include/sbcmdsslclient.h" />
		<Unit filename="include/sbcms.h" />
		<Unit filename="include/sbcmsutils.h" />
		<Unit filename="include/sbcompoundfile.h" />
		<Unit filename="include/sbcompoundfilebase.h" />
		<Unit filename="include/sbcompoundfileresources.h" />
		<Unit filename="include/sbcomprstream.h" />
		<Unit filename="include/sbconstants.h" />
		<Unit filename="include/sbcookiemgr.h" />
		<Unit filename="include/sbcore.h" />
		<Unit filename="include/sbcrc.h" />
		<Unit filename="include/sbcrl.h" />
		<Unit filename="include/sbcrlex.h" />
		<Unit filename="include/sbcrlstorage.h" />
		<Unit filename="include/sbcryptoprov.h" />
		<Unit filename="include/sbcryptoprovbuiltin.h" />
		<Unit filename="include/sbcryptoprovbuiltinex.h" />
		<Unit filename="include/sbcryptoprovbuiltinhash.h" />
		<Unit filename="include/sbcryptoprovbuiltinpki.h" />
		<Unit filename="include/sbcryptoprovbuiltinsym.h" />
		<Unit filename="include/sbcryptoprovdefault.h" />
		<Unit filename="include/sbcryptoprovmanager.h" />
		<Unit filename="include/sbcryptoprovpkcs11.h" />
		<Unit filename="include/sbcryptoprovrs.h" />
		<Unit filename="include/sbcryptoprovutils.h" />
		<Unit filename="include/sbcryptoprovwin32.h" />
		<Unit filename="include/sbcustom.h" />
		<Unit filename="include/sbcustomcertstorage.h" />
		<Unit filename="include/sbcustomcrypto.h" />
		<Unit filename="include/sbcustomfsadapter.h" />
		<Unit filename="include/sbdatastorage.h" />
		<Unit filename="include/sbdatastorageencodings.h" />
		<Unit filename="include/sbdatastorageutils.h" />
		<Unit filename="include/sbdc.h" />
		<Unit filename="include/sbdccms.h" />
		<Unit filename="include/sbdcdef.h" />
		<Unit filename="include/sbdcenc.h" />
		<Unit filename="include/sbdcpki.h" />
		<Unit filename="include/sbdcpkiconstants.h" />
		<Unit filename="include/sbdcserver.h" />
		<Unit filename="include/sbdcxmlenc.h" />
		<Unit filename="include/sbdefs.h" />
		<Unit filename="include/sbdes.h" />
		<Unit filename="include/sbdictionary.h" />
		<Unit filename="include/sbdiskfsadapter.h" />
		<Unit filename="include/sbdnssec.h" />
		<Unit filename="include/sbdnssecconsts.h" />
		<Unit filename="include/sbdnssectypes.h" />
		<Unit filename="include/sbdnssecutils.h" />
		<Unit filename="include/sbdomainkeys.h" />
		<Unit filename="include/sbdropboxdatastorage.h" />
		<Unit filename="include/sbdsa.h" />
		<Unit filename="include/sbdtlsclient.h" />
		<Unit filename="include/sbdtlsserver.h" />
		<Unit filename="include/sbeccommon.h" />
		<Unit filename="include/sbecdsa.h" />
		<Unit filename="include/sbeciescrypto.h" />
		<Unit filename="include/sbecmath.h" />
		<Unit filename="include/sbelgamal.h" />
		<Unit filename="include/sbencoding.h" />
		<Unit filename="include/sbencstream.h" />
		<Unit filename="include/sbfiledatastorage.h" />
		<Unit filename="include/sbftpscommon.h" />
		<Unit filename="include/sbftpsserver.h" />
		<Unit filename="include/sbgoogledatastorage.h" />
		<Unit filename="include/sbgoogledrivedatastorage.h" />
		<Unit filename="include/sbgost2814789.h" />
		<Unit filename="include/sbgost341001.h" />
		<Unit filename="include/sbgost341094.h" />
		<Unit filename="include/sbgost341194.h" />
		<Unit filename="include/sbgostcommon.h" />
		<Unit filename="include/sbgssapi.h" />
		<Unit filename="include/sbgssapibase.h" />
		<Unit filename="include/sbgsswinauth.h" />
		<Unit filename="include/sbhashfunction.h" />
		<Unit filename="include/sbhmac.h" />
		<Unit filename="include/sbhttpauth.h" />
		<Unit filename="include/sbhttpcertretriever.h" />
		<Unit filename="include/sbhttpcrl.h" />
		<Unit filename="include/sbhttpocspclient.h" />
		<Unit filename="include/sbhttpsclient.h" />
		<Unit filename="include/sbhttpscommon.h" />
		<Unit filename="include/sbhttpsconstants.h" />
		<Unit filename="include/sbhttpsserver.h" />
		<Unit filename="include/sbhttpswebdavclient.h" />
		<Unit filename="include/sbhttptspclient.h" />
		<Unit filename="include/sbidea.h" />
		<Unit filename="include/sbimapclient.h" />
		<Unit filename="include/sbimaputils.h" />
		<Unit filename="include/sbjks.h" />
		<Unit filename="include/sbjson.h" />
		<Unit filename="include/sbldapcertretriever.h" />
		<Unit filename="include/sbldapcertstorage.h" />
		<Unit filename="include/sbldapcrl.h" />
		<Unit filename="include/sbldapsclient.h" />
		<Unit filename="include/sbldapscore.h" />
		<Unit filename="include/sbldapskeyserverclient.h" />
		<Unit filename="include/sblicensemanager.h" />
		<Unit filename="include/sbmath.h" />
		<Unit filename="include/sbmd.h" />
		<Unit filename="include/sbmessages.h" />
		<Unit filename="include/sbmime.h" />
		<Unit filename="include/sbmimeenc.h" />
		<Unit filename="include/sbmimestream.h" />
		<Unit filename="include/sbmisc.h" />
		<Unit filename="include/sbmskeyblob.h" />
		<Unit filename="include/sboauth2.h" />
		<Unit filename="include/sbocspclient.h" />
		<Unit filename="include/sbocspcommon.h" />
		<Unit filename="include/sbocspserver.h" />
		<Unit filename="include/sbocspstorage.h" />
		<Unit filename="include/sboffice.h" />
		<Unit filename="include/sbofficebinarycore.h" />
		<Unit filename="include/sbofficecommon.h" />
		<Unit filename="include/sbofficeconstants.h" />
		<Unit filename="include/sbofficepackage.h" />
		<Unit filename="include/sbofficeresources.h" />
		<Unit filename="include/sbofficesecurity.h" />
		<Unit filename="include/sbofficexmlcore.h" />
		<Unit filename="include/sbonedrivedatastorage.h" />
		<Unit filename="include/sbotpclient.h" />
		<Unit filename="include/sbotpcommon.h" />
		<Unit filename="include/sbotpserver.h" />
		<Unit filename="include/sbpades.h" />
		<Unit filename="include/sbpdf.h" />
		<Unit filename="include/sbpdfcore.h" />
		<Unit filename="include/sbpdfsecurity.h" />
		<Unit filename="include/sbpdfutils.h" />
		<Unit filename="include/sbpem.h" />
		<Unit filename="include/sbpgp.h" />
		<Unit filename="include/sbpgpconstants.h" />
		<Unit filename="include/sbpgpentities.h" />
		<Unit filename="include/sbpgpexceptions.h" />
		<Unit filename="include/sbpgpkeys.h" />
		<Unit filename="include/sbpgpmd.h" />
		<Unit filename="include/sbpgpmime.h" />
		<Unit filename="include/sbpgpresourcestrings.h" />
		<Unit filename="include/sbpgpsfx.h" />
		<Unit filename="include/sbpgpssh.h" />
		<Unit filename="include/sbpgpstreams.h" />
		<Unit filename="include/sbpgptls.h" />
		<Unit filename="include/sbpgputils.h" />
		<Unit filename="include/sbpkcs10.h" />
		<Unit filename="include/sbpkcs11base.h" />
		<Unit filename="include/sbpkcs11certstorage.h" />
		<Unit filename="include/sbpkcs11common.h" />
		<Unit filename="include/sbpkcs11manager.h" />
		<Unit filename="include/sbpkcs12.h" />
		<Unit filename="include/sbpkcs5.h" />
		<Unit filename="include/sbpkcs7.h" />
		<Unit filename="include/sbpkcs7utils.h" />
		<Unit filename="include/sbpkcs8.h" />
		<Unit filename="include/sbpkiasync.h" />
		<Unit filename="include/sbpkicommon.h" />
		<Unit filename="include/sbpoly1305.h" />
		<Unit filename="include/sbpop3client.h" />
		<Unit filename="include/sbportknock.h" />
		<Unit filename="include/sbpublickeycrypto.h" />
		<Unit filename="include/sbpunycode.h" />
		<Unit filename="include/sbrabbit.h" />
		<Unit filename="include/sbrandom.h" />
		<Unit filename="include/sbrc2.h" />
		<Unit filename="include/sbrc4.h" />
		<Unit filename="include/sbrdn.h" />
		<Unit filename="include/sbrestclient.h" />
		<Unit filename="include/sbripemd.h" />
		<Unit filename="include/sbrsa.h" />
		<Unit filename="include/sbsamlidentityprovider.h" />
		<Unit filename="include/sbsamlserviceprovider.h" />
		<Unit filename="include/sbsasl.h" />
		<Unit filename="include/sbseed.h" />
		<Unit filename="include/sbserpent.h" />
		<Unit filename="include/sbsessionpool.h" />
		<Unit filename="include/sbsftp.h" />
		<Unit filename="include/sbsftpcommon.h" />
		<Unit filename="include/sbsftphandler.h" />
		<Unit filename="include/sbsftpserver.h" />
		<Unit filename="include/sbsha.h" />
		<Unit filename="include/sbsha2.h" />
		<Unit filename="include/sbsharedresource.h" />
		<Unit filename="include/sbsimpleftps.h" />
		<Unit filename="include/sbsimpleftpsserver.h" />
		<Unit filename="include/sbsimplemime.h" />
		<Unit filename="include/sbsimplesftp.h" />
		<Unit filename="include/sbsimplesftpserver.h" />
		<Unit filename="include/sbsimplessh.h" />
		<Unit filename="include/sbsimplesshserver.h" />
		<Unit filename="include/sbsimplessl.h" />
		<Unit filename="include/sbsmimecades.h" />
		<Unit filename="include/sbsmimecore.h" />
		<Unit filename="include/sbsmimesignatures.h" />
		<Unit filename="include/sbsmtpclient.h" />
		<Unit filename="include/sbsocket.h" />
		<Unit filename="include/sbsockethandler.h" />
		<Unit filename="include/sbsockettspclient.h" />
		<Unit filename="include/sbsrp.h" />
		<Unit filename="include/sbsshauthagent.h" />
		<Unit filename="include/sbsshclient.h" />
		<Unit filename="include/sbsshcommon.h" />
		<Unit filename="include/sbsshconnectionhandler.h" />
		<Unit filename="include/sbsshconstants.h" />
		<Unit filename="include/sbsshforwarding.h" />
		<Unit filename="include/sbsshforwardinghandlers.h" />
		<Unit filename="include/sbsshhandlers.h" />
		<Unit filename="include/sbsshkeystorage.h" />
		<Unit filename="include/sbsshpkcs11keystorage.h" />
		<Unit filename="include/sbsshpubkeyclient.h" />
		<Unit filename="include/sbsshpubkeycommon.h" />
		<Unit filename="include/sbsshpubkeyhandler.h" />
		<Unit filename="include/sbsshpubkeyserver.h" />
		<Unit filename="include/sbsshserver.h" />
		<Unit filename="include/sbsshterm.h" />
		<Unit filename="include/sbsshutils.h" />
		<Unit filename="include/sbsslclient.h" />
		<Unit filename="include/sbsslcommon.h" />
		<Unit filename="include/sbsslconstants.h" />
		<Unit filename="include/sbsslserver.h" />
		<Unit filename="include/sbsspi.h" />
		<Unit filename="include/sbstreams.h" />
		<Unit filename="include/sbstringlist.h" />
		<Unit filename="include/sbstrutils.h" />
		<Unit filename="include/sbsymmetriccrypto.h" />
		<Unit filename="include/sbsystem.h" />
		<Unit filename="include/sbtar.h" />
		<Unit filename="include/sbtarentities.h" />
		<Unit filename="include/sbtarutils.h" />
		<Unit filename="include/sbtimer.h" />
		<Unit filename="include/sbtspclient.h" />
		<Unit filename="include/sbtspcommon.h" />
		<Unit filename="include/sbtspserver.h" />
		<Unit filename="include/sbtwofish.h" />
		<Unit filename="include/sbtypes.h" />
		<Unit filename="include/sbumac.h" />
		<Unit filename="include/sbunicode.h" />
		<Unit filename="include/sbusers.h" />
		<Unit filename="include/sbutils.h" />
		<Unit filename="include/sbvcard.h" />
		<Unit filename="include/sbwebdavclient.h" />
		<Unit filename="include/sbwebdavcommon.h" />
		<Unit filename="include/sbwebdavserver.h" />
		<Unit filename="include/sbwebsocketclient.h" />
		<Unit filename="include/sbwebsocketcommon.h" />
		<Unit filename="include/sbwebsocketserver.h" />
		<Unit filename="include/sbwhirlpool.h" />
		<Unit filename="include/sbwinazuredatastorage.h" />
		<Unit filename="include/sbwincertstorage.h" />
		<Unit filename="include/sbwincrypt.h" />
		<Unit filename="include/sbx509.h" />
		<Unit filename="include/sbx509ex.h" />
		<Unit filename="include/sbx509ext.h" />
		<Unit filename="include/sbxmlades.h" />
		<Unit filename="include/sbxmladesintf.h" />
		<Unit filename="include/sbxmlcharsets.h" />
		<Unit filename="include/sbxmlcore.h" />
		<Unit filename="include/sbxmldefs.h" />
		<Unit filename="include/sbxmlenc.h" />
		<Unit filename="include/sbxmlpath.h" />
		<Unit filename="include/sbxmlsamlbind.h" />
		<Unit filename="include/sbxmlsamlcommon.h" />
		<Unit filename="include/sbxmlsamlcore.h" />
		<Unit filename="include/sbxmlsamlmetadata.h" />
		<Unit filename="include/sbxmlsamlprotocol.h" />
		<Unit filename="include/sbxmlsec.h" />
		<Unit filename="include/sbxmlsig.h" />
		<Unit filename="include/sbxmlsoap.h" />
		<Unit filename="include/sbxmlsoapclient.h" />
		<Unit filename="include/sbxmlsoapcore.h" />
		<Unit filename="include/sbxmlsoapsecurity.h" />
		<Unit filename="include/sbxmltransform.h" />
		<Unit filename="include/sbxmlutils.h" />
		<Unit filename="include/sbxmlwsscore.h" />
		<Unit filename="include/sbzcommonunit.h" />
		<Unit filename="include/sbzcompressunit.h" />
		<Unit filename="include/sbzipentities.h" />
		<Unit filename="include/sbzipsfx.h" />
		<Unit filename="include/sbzipsfxmaker.h" />
		<Unit filename="include/sbziputils.h" />
		<Unit filename="include/sbzlib.h" />
		<Unit filename="include/sbzuncompressunit.h" />
		<Unit filename="main.cpp" />
		<Extensions>
			<code_completion />
			<debugger />
		</Extensions>
	</Project>
</CodeBlocks_project_file>
